// !$*UTF8*$!
{
	archiveVersion = 1;
	classes = {
	};
	objectVersion = 50;
	objects = {

/* Begin PBXBuildFile section */
		E9C8ED7D237C4209004D237F /* DetailViewController.swift in Sources */ = {isa = PBXBuildFile; fileRef = E9C8ED7C237C4209004D237F /* DetailViewController.swift */; };
		E9EE27F4237575750010195E /* AppDelegate.swift in Sources */ = {isa = PBXBuildFile; fileRef = E9EE27F3237575750010195E /* AppDelegate.swift */; };
		E9EE27F6237575750010195E /* SceneDelegate.swift in Sources */ = {isa = PBXBuildFile; fileRef = E9EE27F5237575750010195E /* SceneDelegate.swift */; };
		E9EE27F8237575750010195E /* TableViewController.swift in Sources */ = {isa = PBXBuildFile; fileRef = E9EE27F7237575750010195E /* TableViewController.swift */; };
		E9EE27FB237575750010195E /* Main.storyboard in Resources */ = {isa = PBXBuildFile; fileRef = E9EE27F9237575750010195E /* Main.storyboard */; };
		E9EE27FD2375757A0010195E /* Assets.xcassets in Resources */ = {isa = PBXBuildFile; fileRef = E9EE27FC2375757A0010195E /* Assets.xcassets */; };
		E9EE28002375757A0010195E /* LaunchScreen.storyboard in Resources */ = {isa = PBXBuildFile; fileRef = E9EE27FE2375757A0010195E /* LaunchScreen.storyboard */; };
		E9EE280B2375B4C20010195E /* Person.swift in Sources */ = {isa = PBXBuildFile; fileRef = E9EE280A2375B4C20010195E /* Person.swift */; };
/* End PBXBuildFile section */

/* Begin PBXFileReference section */
		E9C8ED7C237C4209004D237F /* DetailViewController.swift */ = {isa = PBXFileReference; lastKnownFileType = sourcecode.swift; path = DetailViewController.swift; sourceTree = "<group>"; };
		E9EE27F0237575750010195E /* NamesToFaces.app */ = {isa = PBXFileReference; explicitFileType = wrapper.application; includeInIndex = 0; path = NamesToFaces.app; sourceTree = BUILT_PRODUCTS_DIR; };
		E9EE27F3237575750010195E /* AppDelegate.swift */ = {isa = PBXFileReference; lastKnownFileType = sourcecode.swift; path = AppDelegate.swift; sourceTree = "<group>"; };
		E9EE27F5237575750010195E /* SceneDelegate.swift */ = {isa = PBXFileReference; lastKnownFileType = sourcecode.swift; path = SceneDelegate.swift; sourceTree = "<group>"; };
		E9EE27F7237575750010195E /* TableViewController.swift */ = {isa = PBXFileReference; lastKnownFileType = sourcecode.swift; path = TableViewController.swift; sourceTree = "<group>"; };
		E9EE27FA237575750010195E /* Base */ = {isa = PBXFileReference; lastKnownFileType = file.storyboard; name = Base; path = Base.lproj/Main.storyboard; sourceTree = "<group>"; };
		E9EE27FC2375757A0010195E /* Assets.xcassets */ = {isa = PBXFileReference; lastKnownFileType = folder.assetcatalog; path = Assets.xcassets; sourceTree = "<group>"; };
		E9EE27FF2375757A0010195E /* Base */ = {isa = PBXFileReference; lastKnownFileType = file.storyboard; name = Base; path = Base.lproj/LaunchScreen.storyboard; sourceTree = "<group>"; };
		E9EE28012375757A0010195E /* Info.plist */ = {isa = PBXFileReference; lastKnownFileType = text.plist.xml; path = Info.plist; sourceTree = "<group>"; };
		E9EE280A2375B4C20010195E /* Person.swift */ = {isa = PBXFileReference; lastKnownFileType = sourcecode.swift; path = Person.swift; sourceTree = "<group>"; };
/* End PBXFileReference section */

/* Begin PBXFrameworksBuildPhase section */
		E9EE27ED237575750010195E /* Frameworks */ = {
			isa = PBXFrameworksBuildPhase;
			buildActionMask = 2147483647;
			files = (
			);
			runOnlyForDeploymentPostprocessing = 0;
		};
/* End PBXFrameworksBuildPhase section */

/* Begin PBXGroup section */
		E9EE27E7237575750010195E = {
			isa = PBXGroup;
			children = (
				E9EE27F2237575750010195E /* NamesToFaces */,
				E9EE27F1237575750010195E /* Products */,
			);
			sourceTree = "<group>";
		};
		E9EE27F1237575750010195E /* Products */ = {
			isa = PBXGroup;
			children = (
				E9EE27F0237575750010195E /* NamesToFaces.app */,
			);
			name = Products;
			sourceTree = "<group>";
		};
		E9EE27F2237575750010195E /* NamesToFaces */ = {
			isa = PBXGroup;
			children = (
				E9EE27F3237575750010195E /* AppDelegate.swift */,
				E9EE27F5237575750010195E /* SceneDelegate.swift */,
				E9EE27F7237575750010195E /* TableViewController.swift */,
				E9EE280A2375B4C20010195E /* Person.swift */,
				E9C8ED7C237C4209004D237F /* DetailViewController.swift */,
				E9EE27F9237575750010195E /* Main.storyboard */,
				E9EE27FC2375757A0010195E /* Assets.xcassets */,
				E9EE27FE2375757A0010195E /* LaunchScreen.storyboard */,
				E9EE28012375757A0010195E /* Info.plist */,
			);
			path = NamesToFaces;
			sourceTree = "<group>";
		};
/* End PBXGroup section */

/* Begin PBXNativeTarget section */
		E9EE27EF237575750010195E /* NamesToFaces */ = {
			isa = PBXNativeTarget;
			buildConfigurationList = E9EE28042375757A0010195E /* Build configuration list for PBXNativeTarget "NamesToFaces" */;
			buildPhases = (
				E9EE27EC237575750010195E /* Sources */,
				E9EE27ED237575750010195E /* Frameworks */,
				E9EE27EE237575750010195E /* Resources */,
				E9EE2807237575B40010195E /* SwiftLint */,
			);
			buildRules = (
			);
			dependencies = (
			);
			name = NamesToFaces;
			productName = NamesToFaces;
			productReference = E9EE27F0237575750010195E /* NamesToFaces.app */;
			productType = "com.apple.product-type.application";
		};
/* End PBXNativeTarget section */

/* Begin PBXProject section */
		E9EE27E8237575750010195E /* Project object */ = {
			isa = PBXProject;
			attributes = {
				LastSwiftUpdateCheck = 1120;
				LastUpgradeCheck = 1120;
				ORGANIZATIONNAME = "Mikhail Medvedev";
				TargetAttributes = {
					E9EE27EF237575750010195E = {
						CreatedOnToolsVersion = 11.2;
					};
				};
			};
			buildConfigurationList = E9EE27EB237575750010195E /* Build configuration list for PBXProject "NamesToFaces" */;
			compatibilityVersion = "Xcode 9.3";
			developmentRegion = en;
			hasScannedForEncodings = 0;
			knownRegions = (
				en,
				Base,
			);
			mainGroup = E9EE27E7237575750010195E;
			productRefGroup = E9EE27F1237575750010195E /* Products */;
			projectDirPath = "";
			projectRoot = "";
			targets = (
				E9EE27EF237575750010195E /* NamesToFaces */,
			);
		};
/* End PBXProject section */

/* Begin PBXResourcesBuildPhase section */
		E9EE27EE237575750010195E /* Resources */ = {
			isa = PBXResourcesBuildPhase;
			buildActionMask = 2147483647;
			files = (
				E9EE28002375757A0010195E /* LaunchScreen.storyboard in Resources */,
				E9EE27FD2375757A0010195E /* Assets.xcassets in Resources */,
				E9EE27FB237575750010195E /* Main.storyboard in Resources */,
			);
			runOnlyForDeploymentPostprocessing = 0;
		};
/* End PBXResourcesBuildPhase section */

/* Begin PBXShellScriptBuildPhase section */
		E9EE2807237575B40010195E /* SwiftLint */ = {
			isa = PBXShellScriptBuildPhase;
			buildActionMask = 2147483647;
			files = (
			);
			inputFileListPaths = (
			);
			inputPaths = (
			);
			name = SwiftLint;
			outputFileListPaths = (
			);
			outputPaths = (
			);
			runOnlyForDeploymentPostprocessing = 0;
			shellPath = /bin/sh;
			shellScript = "if which swiftlint >/dev/null; then\n  swiftlint\nelse\n  echo \"warning: SwiftLint not installed, download from https://github.com/realm/SwiftLint\"\nfi\n";
		};
/* End PBXShellScriptBuildPhase section */

/* Begin PBXSourcesBuildPhase section */
		E9EE27EC237575750010195E /* Sources */ = {
			isa = PBXSourcesBuildPhase;
			buildActionMask = 2147483647;
			files = (
				E9EE280B2375B4C20010195E /* Person.swift in Sources */,
				E9EE27F8237575750010195E /* TableViewController.swift in Sources */,
				E9EE27F4237575750010195E /* AppDelegate.swift in Sources */,
				E9C8ED7D237C4209004D237F /* DetailViewController.swift in Sources */,
				E9EE27F6237575750010195E /* SceneDelegate.swift in Sources */,
			);
			runOnlyForDeploymentPostprocessing = 0;
		};
/* End PBXSourcesBuildPhase section */

/* Begin PBXVariantGroup section */
		E9EE27F9237575750010195E /* Main.storyboard */ = {
			isa = PBXVariantGroup;
			children = (
				E9EE27FA237575750010195E /* Base */,
			);
			name = Main.storyboard;
			sourceTree = "<group>";
		};
		E9EE27FE2375757A0010195E /* LaunchScreen.storyboard */ = {
			isa = PBXVariantGroup;
			children = (
				E9EE27FF2375757A0010195E /* Base */,
			);
			name = LaunchScreen.storyboard;
			sourceTree = "<group>";
		};
/* End PBXVariantGroup section */

/* Begin XCBuildConfiguration section */
		E9EE28022375757A0010195E /* Debug */ = {
			isa = XCBuildConfiguration;
			buildSettings = {
				ALWAYS_SEARCH_USER_PATHS = NO;
				CLANG_ANALYZER_NONNULL = YES;
				CLANG_ANALYZER_NUMBER_OBJECT_CONVERSION = YES_AGGRESSIVE;
				CLANG_CXX_LANGUAGE_STANDARD = "gnu++14";
				CLANG_CXX_LIBRARY = "libc++";
				CLANG_ENABLE_MODULES = YES;
				CLANG_ENABLE_OBJC_ARC = YES;
				CLANG_ENABLE_OBJC_WEAK = YES;
				CLANG_WARN_BLOCK_CAPTURE_AUTORELEASING = YES;
				CLANG_WARN_BOOL_CONVERSION = YES;
				CLANG_WARN_COMMA = YES;
				CLANG_WARN_CONSTANT_CONVERSION = YES;
				CLANG_WARN_DEPRECATED_OBJC_IMPLEMENTATIONS = YES;
				CLANG_WARN_DIRECT_OBJC_ISA_USAGE = YES_ERROR;
				CLANG_WARN_DOCUMENTATION_COMMENTS = YES;
				CLANG_WARN_EMPTY_BODY = YES;
				CLANG_WARN_ENUM_CONVERSION = YES;
				CLANG_WARN_INFINITE_RECURSION = YES;
				CLANG_WARN_INT_CONVERSION = YES;
				CLANG_WARN_NON_LITERAL_NULL_CONVERSION = YES;
				CLANG_WARN_OBJC_IMPLICIT_RETAIN_SELF = YES;
				CLANG_WARN_OBJC_LITERAL_CONVERSION = YES;
				CLANG_WARN_OBJC_ROOT_CLASS = YES_ERROR;
				CLANG_WARN_RANGE_LOOP_ANALYSIS = YES;
				CLANG_WARN_STRICT_PROTOTYPES = YES;
				CLANG_WARN_SUSPICIOUS_MOVE = YES;
				CLANG_WARN_UNGUARDED_AVAILABILITY = YES_AGGRESSIVE;
				CLANG_WARN_UNREACHABLE_CODE = YES;
				CLANG_WARN__DUPLICATE_METHOD_MATCH = YES;
				COPY_PHASE_STRIP = NO;
				DEBUG_INFORMATION_FORMAT = dwarf;
				ENABLE_STRICT_OBJC_MSGSEND = YES;
				ENABLE_TESTABILITY = YES;
				GCC_C_LANGUAGE_STANDARD = gnu11;
				GCC_DYNAMIC_NO_PIC = NO;
				GCC_NO_COMMON_BLOCKS = YES;
				GCC_OPTIMIZATION_LEVEL = 0;
				GCC_PREPROCESSOR_DEFINITIONS = (
					"DEBUG=1",
					"$(inherited)",
				);
				GCC_WARN_64_TO_32_BIT_CONVERSION = YES;
				GCC_WARN_ABOUT_RETURN_TYPE = YES_ERROR;
				GCC_WARN_UNDECLARED_SELECTOR = YES;
				GCC_WARN_UNINITIALIZED_AUTOS = YES_AGGRESSIVE;
				GCC_WARN_UNUSED_FUNCTION = YES;
				GCC_WARN_UNUSED_VARIABLE = YES;
				IPHONEOS_DEPLOYMENT_TARGET = 13.2;
				MTL_ENABLE_DEBUG_INFO = INCLUDE_SOURCE;
				MTL_FAST_MATH = YES;
				ONLY_ACTIVE_ARCH = YES;
				SDKROOT = iphoneos;
				SWIFT_ACTIVE_COMPILATION_CONDITIONS = DEBUG;
				SWIFT_OPTIMIZATION_LEVEL = "-Onone";
			};
			name = Debug;
		};
		E9EE28032375757A0010195E /* Release */ = {
			isa = XCBuildConfiguration;
			buildSettings = {
				ALWAYS_SEARCH_USER_PATHS = NO;
				CLANG_ANALYZER_NONNULL = YES;
				CLANG_ANALYZER_NUMBER_OBJECT_CONVERSION = YES_AGGRESSIVE;
				CLANG_CXX_LANGUAGE_STANDARD = "gnu++14";
				CLANG_CXX_LIBRARY = "libc++";
				CLANG_ENABLE_MODULES = YES;
				CLANG_ENABLE_OBJC_ARC = YES;
				CLANG_ENABLE_OBJC_WEAK = YES;
				CLANG_WARN_BLOCK_CAPTURE_AUTORELEASING = YES;
				CLANG_WARN_BOOL_CONVERSION = YES;
				CLANG_WARN_COMMA = YES;
				CLANG_WARN_CONSTANT_CONVERSION = YES;
				CLANG_WARN_DEPRECATED_OBJC_IMPLEMENTATIONS = YES;
				CLANG_WARN_DIRECT_OBJC_ISA_USAGE = YES_ERROR;
				CLANG_WARN_DOCUMENTATION_COMMENTS = YES;
				CLANG_WARN_EMPTY_BODY = YES;
				CLANG_WARN_ENUM_CONVERSION = YES;
				CLANG_WARN_INFINITE_RECURSION = YES;
				CLANG_WARN_INT_CONVERSION = YES;
				CLANG_WARN_NON_LITERAL_NULL_CONVERSION = YES;
				CLANG_WARN_OBJC_IMPLICIT_RETAIN_SELF = YES;
				CLANG_WARN_OBJC_LITERAL_CONVERSION = YES;
				CLANG_WARN_OBJC_ROOT_CLASS = YES_ERROR;
				CLANG_WARN_RANGE_LOOP_ANALYSIS = YES;
				CLANG_WARN_STRICT_PROTOTYPES = YES;
				CLANG_WARN_SUSPICIOUS_MOVE = YES;
				CLANG_WARN_UNGUARDED_AVAILABILITY = YES_AGGRESSIVE;
				CLANG_WARN_UNREACHABLE_CODE = YES;
				CLANG_WARN__DUPLICATE_METHOD_MATCH = YES;
				COPY_PHASE_STRIP = NO;
				DEBUG_INFORMATION_FORMAT = "dwarf-with-dsym";
				ENABLE_NS_ASSERTIONS = NO;
				ENABLE_STRICT_OBJC_MSGSEND = YES;
				GCC_C_LANGUAGE_STANDARD = gnu11;
				GCC_NO_COMMON_BLOCKS = YES;
				GCC_WARN_64_TO_32_BIT_CONVERSION = YES;
				GCC_WARN_ABOUT_RETURN_TYPE = YES_ERROR;
				GCC_WARN_UNDECLARED_SELECTOR = YES;
				GCC_WARN_UNINITIALIZED_AUTOS = YES_AGGRESSIVE;
				GCC_WARN_UNUSED_FUNCTION = YES;
				GCC_WARN_UNUSED_VARIABLE = YES;
				IPHONEOS_DEPLOYMENT_TARGET = 13.2;
				MTL_ENABLE_DEBUG_INFO = NO;
				MTL_FAST_MATH = YES;
				SDKROOT = iphoneos;
				SWIFT_COMPILATION_MODE = wholemodule;
				SWIFT_OPTIMIZATION_LEVEL = "-O";
				VALIDATE_PRODUCT = YES;
			};
			name = Release;
		};
		E9EE28052375757A0010195E /* Debug */ = {
			isa = XCBuildConfiguration;
			buildSettings = {
				ASSETCATALOG_COMPILER_APPICON_NAME = AppIcon;
				CODE_SIGN_STYLE = Automatic;
				DEVELOPMENT_TEAM = X4UC9B8S3E;
				INFOPLIST_FILE = NamesToFaces/Info.plist;
				LD_RUNPATH_SEARCH_PATHS = (
					"$(inherited)",
					"@executable_path/Frameworks",
				);
				PRODUCT_BUNDLE_IDENTIFIER = ru.codedbear.NamesToFaces;
				PRODUCT_NAME = "$(TARGET_NAME)";
				SWIFT_VERSION = 5.0;
				TARGETED_DEVICE_FAMILY = "1,2";
			};
			name = Debug;
		};
		E9EE28062375757A0010195E /* Release */ = {
			isa = XCBuildConfiguration;
			buildSettings = {
				ASSETCATALOG_COMPILER_APPICON_NAME = AppIcon;
				CODE_SIGN_STYLE = Automatic;
				DEVELOPMENT_TEAM = X4UC9B8S3E;
				INFOPLIST_FILE = NamesToFaces/Info.plist;
				LD_RUNPATH_SEARCH_PATHS = (
					"$(inherited)",
					"@executable_path/Frameworks",
				);
				PRODUCT_BUNDLE_IDENTIFIER = ru.codedbear.NamesToFaces;
				PRODUCT_NAME = "$(TARGET_NAME)";
				SWIFT_VERSION = 5.0;
				TARGETED_DEVICE_FAMILY = "1,2";
			};
			name = Release;
		};
/* End XCBuildConfiguration section */

/* Begin XCConfigurationList section */
		E9EE27EB237575750010195E /* Build configuration list for PBXProject "NamesToFaces" */ = {
			isa = XCConfigurationList;
			buildConfigurations = (
				E9EE28022375757A0010195E /* Debug */,
				E9EE28032375757A0010195E /* Release */,
			);
			defaultConfigurationIsVisible = 0;
			defaultConfigurationName = Release;
		};
		E9EE28042375757A0010195E /* Build configuration list for PBXNativeTarget "NamesToFaces" */ = {
			isa = XCConfigurationList;
			buildConfigurations = (
				E9EE28052375757A0010195E /* Debug */,
				E9EE28062375757A0010195E /* Release */,
			);
			defaultConfigurationIsVisible = 0;
			defaultConfigurationName = Release;
		};
/* End XCConfigurationList section */
	};
	rootObject = E9EE27E8237575750010195E /* Project object */;
}
